// !$*UTF8*$!
{
	archiveVersion = 1;
	classes = {
	};
	objectVersion = 77;
	objects = {

/* Begin PBXBuildFile section */
		216D9BA92EBA68A8004D19AD /* Kingfisher in Frameworks */ = {isa = PBXBuildFile; productRef = 216D9BA82EBA68A8004D19AD /* Kingfisher */; };
		218908F52EA4EC220088B9CA /* FirebaseAI in Frameworks */ = {isa = PBXBuildFile; productRef = 218908F42EA4EC220088B9CA /* FirebaseAI */; };
		218908F72EA4EC220088B9CA /* FirebaseAnalytics in Frameworks */ = {isa = PBXBuildFile; productRef = 218908F62EA4EC220088B9CA /* FirebaseAnalytics */; };
		218908F92EA4EC220088B9CA /* FirebaseAnalyticsCore in Frameworks */ = {isa = PBXBuildFile; productRef = 218908F82EA4EC220088B9CA /* FirebaseAnalyticsCore */; };
		218908FB2EA4EC220088B9CA /* FirebaseAnalyticsIdentitySupport in Frameworks */ = {isa = PBXBuildFile; productRef = 218908FA2EA4EC220088B9CA /* FirebaseAnalyticsIdentitySupport */; };
		218908FD2EA4EC220088B9CA /* FirebaseAppCheck in Frameworks */ = {isa = PBXBuildFile; productRef = 218908FC2EA4EC220088B9CA /* FirebaseAppCheck */; };
		218908FF2EA4EC220088B9CA /* FirebaseAppDistribution-Beta in Frameworks */ = {isa = PBXBuildFile; productRef = 218908FE2EA4EC220088B9CA /* FirebaseAppDistribution-Beta */; };
		218909012EA4EC220088B9CA /* FirebaseAuth in Frameworks */ = {isa = PBXBuildFile; productRef = 218909002EA4EC220088B9CA /* FirebaseAuth */; };
		218909032EA4EC220088B9CA /* FirebaseAuthCombine-Community in Frameworks */ = {isa = PBXBuildFile; productRef = 218909022EA4EC220088B9CA /* FirebaseAuthCombine-Community */; };
		218909052EA4EC220088B9CA /* FirebaseCore in Frameworks */ = {isa = PBXBuildFile; productRef = 218909042EA4EC220088B9CA /* FirebaseCore */; };
		218909072EA4EC220088B9CA /* FirebaseCrashlytics in Frameworks */ = {isa = PBXBuildFile; productRef = 218909062EA4EC220088B9CA /* FirebaseCrashlytics */; };
		218909092EA4EC220088B9CA /* FirebaseDatabase in Frameworks */ = {isa = PBXBuildFile; productRef = 218909082EA4EC220088B9CA /* FirebaseDatabase */; };
		2189090B2EA4EC220088B9CA /* FirebaseFirestore in Frameworks */ = {isa = PBXBuildFile; productRef = 2189090A2EA4EC220088B9CA /* FirebaseFirestore */; };
		2189090D2EA4EC220088B9CA /* FirebaseFirestoreCombine-Community in Frameworks */ = {isa = PBXBuildFile; productRef = 2189090C2EA4EC220088B9CA /* FirebaseFirestoreCombine-Community */; };
		2189090F2EA4EC220088B9CA /* FirebaseFunctions in Frameworks */ = {isa = PBXBuildFile; productRef = 2189090E2EA4EC220088B9CA /* FirebaseFunctions */; };
		218909112EA4EC220088B9CA /* FirebaseFunctionsCombine-Community in Frameworks */ = {isa = PBXBuildFile; productRef = 218909102EA4EC220088B9CA /* FirebaseFunctionsCombine-Community */; };
		218909132EA4EC220088B9CA /* FirebaseInAppMessaging-Beta in Frameworks */ = {isa = PBXBuildFile; productRef = 218909122EA4EC220088B9CA /* FirebaseInAppMessaging-Beta */; };
		218909152EA4EC220088B9CA /* FirebaseInstallations in Frameworks */ = {isa = PBXBuildFile; productRef = 218909142EA4EC220088B9CA /* FirebaseInstallations */; };
		218909172EA4EC220088B9CA /* FirebaseMLModelDownloader in Frameworks */ = {isa = PBXBuildFile; productRef = 218909162EA4EC220088B9CA /* FirebaseMLModelDownloader */; };
		218909192EA4EC220088B9CA /* FirebaseMessaging in Frameworks */ = {isa = PBXBuildFile; productRef = 218909182EA4EC220088B9CA /* FirebaseMessaging */; };
		2189091B2EA4EC220088B9CA /* FirebasePerformance in Frameworks */ = {isa = PBXBuildFile; productRef = 2189091A2EA4EC220088B9CA /* FirebasePerformance */; };
		2189091D2EA4EC220088B9CA /* FirebaseRemoteConfig in Frameworks */ = {isa = PBXBuildFile; productRef = 2189091C2EA4EC220088B9CA /* FirebaseRemoteConfig */; };
		2189091F2EA4EC220088B9CA /* FirebaseStorage in Frameworks */ = {isa = PBXBuildFile; productRef = 2189091E2EA4EC220088B9CA /* FirebaseStorage */; };
		218909212EA4EC220088B9CA /* FirebaseStorageCombine-Community in Frameworks */ = {isa = PBXBuildFile; productRef = 218909202EA4EC220088B9CA /* FirebaseStorageCombine-Community */; };
/* End PBXBuildFile section */

/* Begin PBXFileReference section */
		210BFC832E93F1C700CEE21E /* Ink&Pixel.app */ = {isa = PBXFileReference; explicitFileType = wrapper.application; includeInIndex = 0; path = "Ink&Pixel.app"; sourceTree = BUILT_PRODUCTS_DIR; };
/* End PBXFileReference section */

/* Begin PBXFileSystemSynchronizedBuildFileExceptionSet section */
		210BFC952E93F1C900CEE21E /* Exceptions for "Ink&Pixel" folder in "Ink&Pixel" target */ = {
			isa = PBXFileSystemSynchronizedBuildFileExceptionSet;
			membershipExceptions = (
				Info.plist,
			);
			target = 210BFC822E93F1C700CEE21E /* Ink&Pixel */;
		};
/* End PBXFileSystemSynchronizedBuildFileExceptionSet section */

/* Begin PBXFileSystemSynchronizedRootGroup section */
		210BFC852E93F1C700CEE21E /* Ink&Pixel */ = {
			isa = PBXFileSystemSynchronizedRootGroup;
			exceptions = (
				210BFC952E93F1C900CEE21E /* Exceptions for "Ink&Pixel" folder in "Ink&Pixel" target */,
			);
			path = "Ink&Pixel";
			sourceTree = "<group>";
		};
/* End PBXFileSystemSynchronizedRootGroup section */

/* Begin PBXFrameworksBuildPhase section */
		210BFC802E93F1C700CEE21E /* Frameworks */ = {
			isa = PBXFrameworksBuildPhase;
			buildActionMask = 2147483647;
			files = (
				2189090D2EA4EC220088B9CA /* FirebaseFirestoreCombine-Community in Frameworks */,
				2189090F2EA4EC220088B9CA /* FirebaseFunctions in Frameworks */,
				2189091B2EA4EC220088B9CA /* FirebasePerformance in Frameworks */,
				218909212EA4EC220088B9CA /* FirebaseStorageCombine-Community in Frameworks */,
				2189091D2EA4EC220088B9CA /* FirebaseRemoteConfig in Frameworks */,
				218908FB2EA4EC220088B9CA /* FirebaseAnalyticsIdentitySupport in Frameworks */,
				218908F72EA4EC220088B9CA /* FirebaseAnalytics in Frameworks */,
				218908F92EA4EC220088B9CA /* FirebaseAnalyticsCore in Frameworks */,
				218908FD2EA4EC220088B9CA /* FirebaseAppCheck in Frameworks */,
				218908F52EA4EC220088B9CA /* FirebaseAI in Frameworks */,
				2189090B2EA4EC220088B9CA /* FirebaseFirestore in Frameworks */,
				218909192EA4EC220088B9CA /* FirebaseMessaging in Frameworks */,
				216D9BA92EBA68A8004D19AD /* Kingfisher in Frameworks */,
				218909152EA4EC220088B9CA /* FirebaseInstallations in Frameworks */,
				218909112EA4EC220088B9CA /* FirebaseFunctionsCombine-Community in Frameworks */,
				218909012EA4EC220088B9CA /* FirebaseAuth in Frameworks */,
				218908FF2EA4EC220088B9CA /* FirebaseAppDistribution-Beta in Frameworks */,
				218909132EA4EC220088B9CA /* FirebaseInAppMessaging-Beta in Frameworks */,
				218909072EA4EC220088B9CA /* FirebaseCrashlytics in Frameworks */,
				218909092EA4EC220088B9CA /* FirebaseDatabase in Frameworks */,
				218909172EA4EC220088B9CA /* FirebaseMLModelDownloader in Frameworks */,
				2189091F2EA4EC220088B9CA /* FirebaseStorage in Frameworks */,
				218909052EA4EC220088B9CA /* FirebaseCore in Frameworks */,
				218909032EA4EC220088B9CA /* FirebaseAuthCombine-Community in Frameworks */,
			);
			runOnlyForDeploymentPostprocessing = 0;
		};
/* End PBXFrameworksBuildPhase section */

/* Begin PBXGroup section */
		210BFC7A2E93F1C700CEE21E = {
			isa = PBXGroup;
			children = (
				210BFC852E93F1C700CEE21E /* Ink&Pixel */,
				210BFC842E93F1C700CEE21E /* Products */,
			);
			sourceTree = "<group>";
		};
		210BFC842E93F1C700CEE21E /* Products */ = {
			isa = PBXGroup;
			children = (
				210BFC832E93F1C700CEE21E /* Ink&Pixel.app */,
			);
			name = Products;
			sourceTree = "<group>";
		};
/* End PBXGroup section */

/* Begin PBXNativeTarget section */
		210BFC822E93F1C700CEE21E /* Ink&Pixel */ = {
			isa = PBXNativeTarget;
			buildConfigurationList = 210BFC962E93F1C900CEE21E /* Build configuration list for PBXNativeTarget "Ink&Pixel" */;
			buildPhases = (
				210BFC7F2E93F1C700CEE21E /* Sources */,
				210BFC802E93F1C700CEE21E /* Frameworks */,
				210BFC812E93F1C700CEE21E /* Resources */,
			);
			buildRules = (
			);
			dependencies = (
			);
			fileSystemSynchronizedGroups = (
				210BFC852E93F1C700CEE21E /* Ink&Pixel */,
			);
			name = "Ink&Pixel";
			packageProductDependencies = (
				218908F42EA4EC220088B9CA /* FirebaseAI */,
				218908F62EA4EC220088B9CA /* FirebaseAnalytics */,
				218908F82EA4EC220088B9CA /* FirebaseAnalyticsCore */,
				218908FA2EA4EC220088B9CA /* FirebaseAnalyticsIdentitySupport */,
				218908FC2EA4EC220088B9CA /* FirebaseAppCheck */,
				218908FE2EA4EC220088B9CA /* FirebaseAppDistribution-Beta */,
				218909002EA4EC220088B9CA /* FirebaseAuth */,
				218909022EA4EC220088B9CA /* FirebaseAuthCombine-Community */,
				218909042EA4EC220088B9CA /* FirebaseCore */,
				218909062EA4EC220088B9CA /* FirebaseCrashlytics */,
				218909082EA4EC220088B9CA /* FirebaseDatabase */,
				2189090A2EA4EC220088B9CA /* FirebaseFirestore */,
				2189090C2EA4EC220088B9CA /* FirebaseFirestoreCombine-Community */,
				2189090E2EA4EC220088B9CA /* FirebaseFunctions */,
				218909102EA4EC220088B9CA /* FirebaseFunctionsCombine-Community */,
				218909122EA4EC220088B9CA /* FirebaseInAppMessaging-Beta */,
				218909142EA4EC220088B9CA /* FirebaseInstallations */,
				218909162EA4EC220088B9CA /* FirebaseMLModelDownloader */,
				218909182EA4EC220088B9CA /* FirebaseMessaging */,
				2189091A2EA4EC220088B9CA /* FirebasePerformance */,
				2189091C2EA4EC220088B9CA /* FirebaseRemoteConfig */,
				2189091E2EA4EC220088B9CA /* FirebaseStorage */,
				218909202EA4EC220088B9CA /* FirebaseStorageCombine-Community */,
				216D9BA82EBA68A8004D19AD /* Kingfisher */,
			);
			productName = "Ink&Pixel";
			productReference = 210BFC832E93F1C700CEE21E /* Ink&Pixel.app */;
			productType = "com.apple.product-type.application";
		};
/* End PBXNativeTarget section */

/* Begin PBXProject section */
		210BFC7B2E93F1C700CEE21E /* Project object */ = {
			isa = PBXProject;
			attributes = {
				BuildIndependentTargetsInParallel = 1;
				LastSwiftUpdateCheck = 1640;
				LastUpgradeCheck = 1640;
				TargetAttributes = {
					210BFC822E93F1C700CEE21E = {
						CreatedOnToolsVersion = 16.4;
					};
				};
			};
			buildConfigurationList = 210BFC7E2E93F1C700CEE21E /* Build configuration list for PBXProject "Ink&Pixel" */;
			developmentRegion = en;
			hasScannedForEncodings = 0;
			knownRegions = (
				en,
				Base,
			);
			mainGroup = 210BFC7A2E93F1C700CEE21E;
			minimizedProjectReferenceProxies = 1;
			packageReferences = (
				218908F32EA4EC220088B9CA /* XCRemoteSwiftPackageReference "firebase-ios-sdk" */,
				216D9BA72EBA68A8004D19AD /* XCRemoteSwiftPackageReference "Kingfisher" */,
			);
			preferredProjectObjectVersion = 77;
			productRefGroup = 210BFC842E93F1C700CEE21E /* Products */;
			projectDirPath = "";
			projectRoot = "";
			targets = (
				210BFC822E93F1C700CEE21E /* Ink&Pixel */,
			);
		};
/* End PBXProject section */

/* Begin PBXResourcesBuildPhase section */
		210BFC812E93F1C700CEE21E /* Resources */ = {
			isa = PBXResourcesBuildPhase;
			buildActionMask = 2147483647;
			files = (
			);
			runOnlyForDeploymentPostprocessing = 0;
		};
/* End PBXResourcesBuildPhase section */

/* Begin PBXSourcesBuildPhase section */
		210BFC7F2E93F1C700CEE21E /* Sources */ = {
			isa = PBXSourcesBuildPhase;
			buildActionMask = 2147483647;
			files = (
			);
			runOnlyForDeploymentPostprocessing = 0;
		};
/* End PBXSourcesBuildPhase section */

/* Begin XCBuildConfiguration section */
		210BFC972E93F1C900CEE21E /* Debug */ = {
			isa = XCBuildConfiguration;
			buildSettings = {
				ASSETCATALOG_COMPILER_APPICON_NAME = AppIcon;
				ASSETCATALOG_COMPILER_GLOBAL_ACCENT_COLOR_NAME = AccentColor;
				CODE_SIGN_STYLE = Automatic;
				CURRENT_PROJECT_VERSION = 1;
				GENERATE_INFOPLIST_FILE = YES;
				INFOPLIST_FILE = "Ink&Pixel/Info.plist";
				INFOPLIST_KEY_UIApplicationSupportsIndirectInputEvents = YES;
				INFOPLIST_KEY_UILaunchStoryboardName = LaunchScreen;
				INFOPLIST_KEY_UISupportedInterfaceOrientations = "UIInterfaceOrientationLandscapeLeft UIInterfaceOrientationLandscapeRight UIInterfaceOrientationPortrait";
				INFOPLIST_KEY_UISupportedInterfaceOrientations_iPad = "UIInterfaceOrientationLandscapeLeft UIInterfaceOrientationLandscapeRight UIInterfaceOrientationPortrait UIInterfaceOrientationPortraitUpsideDown";
				IPHONEOS_DEPLOYMENT_TARGET = 17.6;
				LD_RUNPATH_SEARCH_PATHS = (
					"$(inherited)",
					"@executable_path/Frameworks",
				);
				MARKETING_VERSION = 1.0;
				PRODUCT_BUNDLE_IDENTIFIER = "com.ferxi.Ink-Pixel";
				PRODUCT_NAME = "$(TARGET_NAME)";
				SUPPORTED_PLATFORMS = "iphoneos iphonesimulator";
				SUPPORTS_MACCATALYST = NO;
				SUPPORTS_MAC_DESIGNED_FOR_IPHONE_IPAD = NO;
				SUPPORTS_XR_DESIGNED_FOR_IPHONE_IPAD = NO;
				SWIFT_EMIT_LOC_STRINGS = YES;
				SWIFT_VERSION = 5.0;
				TARGETED_DEVICE_FAMILY = "1,2";
			};
			name = Debug;
		};
		210BFC982E93F1C900CEE21E /* Release */ = {
			isa = XCBuildConfiguration;
			buildSettings = {
				ASSETCATALOG_COMPILER_APPICON_NAME = AppIcon;
				ASSETCATALOG_COMPILER_GLOBAL_ACCENT_COLOR_NAME = AccentColor;
				CODE_SIGN_STYLE = Automatic;
				CURRENT_PROJECT_VERSION = 1;
				GENERATE_INFOPLIST_FILE = YES;
				INFOPLIST_FILE = "Ink&Pixel/Info.plist";
				INFOPLIST_KEY_UIApplicationSupportsIndirectInputEvents = YES;
				INFOPLIST_KEY_UILaunchStoryboardName = LaunchScreen;
				INFOPLIST_KEY_UISupportedInterfaceOrientations = "UIInterfaceOrientationLandscapeLeft UIInterfaceOrientationLandscapeRight UIInterfaceOrientationPortrait";
				INFOPLIST_KEY_UISupportedInterfaceOrientations_iPad = "UIInterfaceOrientationLandscapeLeft UIInterfaceOrientationLandscapeRight UIInterfaceOrientationPortrait UIInterfaceOrientationPortraitUpsideDown";
				IPHONEOS_DEPLOYMENT_TARGET = 17.6;
				LD_RUNPATH_SEARCH_PATHS = (
					"$(inherited)",
					"@executable_path/Frameworks",
				);
				MARKETING_VERSION = 1.0;
				PRODUCT_BUNDLE_IDENTIFIER = "com.ferxi.Ink-Pixel";
				PRODUCT_NAME = "$(TARGET_NAME)";
				SUPPORTED_PLATFORMS = "iphoneos iphonesimulator";
				SUPPORTS_MACCATALYST = NO;
				SUPPORTS_MAC_DESIGNED_FOR_IPHONE_IPAD = NO;
				SUPPORTS_XR_DESIGNED_FOR_IPHONE_IPAD = NO;
				SWIFT_EMIT_LOC_STRINGS = YES;
				SWIFT_VERSION = 5.0;
				TARGETED_DEVICE_FAMILY = "1,2";
			};
			name = Release;
		};
		210BFC992E93F1C900CEE21E /* Debug */ = {
			isa = XCBuildConfiguration;
			buildSettings = {
				ALWAYS_SEARCH_USER_PATHS = NO;
				ASSETCATALOG_COMPILER_GENERATE_SWIFT_ASSET_SYMBOL_EXTENSIONS = YES;
				CLANG_ANALYZER_NONNULL = YES;
				CLANG_ANALYZER_NUMBER_OBJECT_CONVERSION = YES_AGGRESSIVE;
				CLANG_CXX_LANGUAGE_STANDARD = "gnu++20";
				CLANG_ENABLE_MODULES = YES;
				CLANG_ENABLE_OBJC_ARC = YES;
				CLANG_ENABLE_OBJC_WEAK = YES;
				CLANG_WARN_BLOCK_CAPTURE_AUTORELEASING = YES;
				CLANG_WARN_BOOL_CONVERSION = YES;
				CLANG_WARN_COMMA = YES;
				CLANG_WARN_CONSTANT_CONVERSION = YES;
				CLANG_WARN_DEPRECATED_OBJC_IMPLEMENTATIONS = YES;
				CLANG_WARN_DIRECT_OBJC_ISA_USAGE = YES_ERROR;
				CLANG_WARN_DOCUMENTATION_COMMENTS = YES;
				CLANG_WARN_EMPTY_BODY = YES;
				CLANG_WARN_ENUM_CONVERSION = YES;
				CLANG_WARN_INFINITE_RECURSION = YES;
				CLANG_WARN_INT_CONVERSION = YES;
				CLANG_WARN_NON_LITERAL_NULL_CONVERSION = YES;
				CLANG_WARN_OBJC_IMPLICIT_RETAIN_SELF = YES;
				CLANG_WARN_OBJC_LITERAL_CONVERSION = YES;
				CLANG_WARN_OBJC_ROOT_CLASS = YES_ERROR;
				CLANG_WARN_QUOTED_INCLUDE_IN_FRAMEWORK_HEADER = YES;
				CLANG_WARN_RANGE_LOOP_ANALYSIS = YES;
				CLANG_WARN_STRICT_PROTOTYPES = YES;
				CLANG_WARN_SUSPICIOUS_MOVE = YES;
				CLANG_WARN_UNGUARDED_AVAILABILITY = YES_AGGRESSIVE;
				CLANG_WARN_UNREACHABLE_CODE = YES;
				CLANG_WARN__DUPLICATE_METHOD_MATCH = YES;
				COPY_PHASE_STRIP = NO;
				DEBUG_INFORMATION_FORMAT = dwarf;
				ENABLE_STRICT_OBJC_MSGSEND = YES;
				ENABLE_TESTABILITY = YES;
				ENABLE_USER_SCRIPT_SANDBOXING = YES;
				GCC_C_LANGUAGE_STANDARD = gnu17;
				GCC_DYNAMIC_NO_PIC = NO;
				GCC_NO_COMMON_BLOCKS = YES;
				GCC_OPTIMIZATION_LEVEL = 0;
				GCC_PREPROCESSOR_DEFINITIONS = (
					"DEBUG=1",
					"$(inherited)",
				);
				GCC_WARN_64_TO_32_BIT_CONVERSION = YES;
				GCC_WARN_ABOUT_RETURN_TYPE = YES_ERROR;
				GCC_WARN_UNDECLARED_SELECTOR = YES;
				GCC_WARN_UNINITIALIZED_AUTOS = YES_AGGRESSIVE;
				GCC_WARN_UNUSED_FUNCTION = YES;
				GCC_WARN_UNUSED_VARIABLE = YES;
				IPHONEOS_DEPLOYMENT_TARGET = 18.5;
				LOCALIZATION_PREFERS_STRING_CATALOGS = YES;
				MTL_ENABLE_DEBUG_INFO = INCLUDE_SOURCE;
				MTL_FAST_MATH = YES;
				ONLY_ACTIVE_ARCH = YES;
				SDKROOT = iphoneos;
				SWIFT_ACTIVE_COMPILATION_CONDITIONS = "DEBUG $(inherited)";
				SWIFT_OPTIMIZATION_LEVEL = "-Onone";
			};
			name = Debug;
		};
		210BFC9A2E93F1C900CEE21E /* Release */ = {
			isa = XCBuildConfiguration;
			buildSettings = {
				ALWAYS_SEARCH_USER_PATHS = NO;
				ASSETCATALOG_COMPILER_GENERATE_SWIFT_ASSET_SYMBOL_EXTENSIONS = YES;
				CLANG_ANALYZER_NONNULL = YES;
				CLANG_ANALYZER_NUMBER_OBJECT_CONVERSION = YES_AGGRESSIVE;
				CLANG_CXX_LANGUAGE_STANDARD = "gnu++20";
				CLANG_ENABLE_MODULES = YES;
				CLANG_ENABLE_OBJC_ARC = YES;
				CLANG_ENABLE_OBJC_WEAK = YES;
				CLANG_WARN_BLOCK_CAPTURE_AUTORELEASING = YES;
				CLANG_WARN_BOOL_CONVERSION = YES;
				CLANG_WARN_COMMA = YES;
				CLANG_WARN_CONSTANT_CONVERSION = YES;
				CLANG_WARN_DEPRECATED_OBJC_IMPLEMENTATIONS = YES;
				CLANG_WARN_DIRECT_OBJC_ISA_USAGE = YES_ERROR;
				CLANG_WARN_DOCUMENTATION_COMMENTS = YES;
				CLANG_WARN_EMPTY_BODY = YES;
				CLANG_WARN_ENUM_CONVERSION = YES;
				CLANG_WARN_INFINITE_RECURSION = YES;
				CLANG_WARN_INT_CONVERSION = YES;
				CLANG_WARN_NON_LITERAL_NULL_CONVERSION = YES;
				CLANG_WARN_OBJC_IMPLICIT_RETAIN_SELF = YES;
				CLANG_WARN_OBJC_LITERAL_CONVERSION = YES;
				CLANG_WARN_OBJC_ROOT_CLASS = YES_ERROR;
				CLANG_WARN_QUOTED_INCLUDE_IN_FRAMEWORK_HEADER = YES;
				CLANG_WARN_RANGE_LOOP_ANALYSIS = YES;
				CLANG_WARN_STRICT_PROTOTYPES = YES;
				CLANG_WARN_SUSPICIOUS_MOVE = YES;
				CLANG_WARN_UNGUARDED_AVAILABILITY = YES_AGGRESSIVE;
				CLANG_WARN_UNREACHABLE_CODE = YES;
				CLANG_WARN__DUPLICATE_METHOD_MATCH = YES;
				COPY_PHASE_STRIP = NO;
				DEBUG_INFORMATION_FORMAT = "dwarf-with-dsym";
				ENABLE_NS_ASSERTIONS = NO;
				ENABLE_STRICT_OBJC_MSGSEND = YES;
				ENABLE_USER_SCRIPT_SANDBOXING = YES;
				GCC_C_LANGUAGE_STANDARD = gnu17;
				GCC_NO_COMMON_BLOCKS = YES;
				GCC_WARN_64_TO_32_BIT_CONVERSION = YES;
				GCC_WARN_ABOUT_RETURN_TYPE = YES_ERROR;
				GCC_WARN_UNDECLARED_SELECTOR = YES;
				GCC_WARN_UNINITIALIZED_AUTOS = YES_AGGRESSIVE;
				GCC_WARN_UNUSED_FUNCTION = YES;
				GCC_WARN_UNUSED_VARIABLE = YES;
				IPHONEOS_DEPLOYMENT_TARGET = 18.5;
				LOCALIZATION_PREFERS_STRING_CATALOGS = YES;
				MTL_ENABLE_DEBUG_INFO = NO;
				MTL_FAST_MATH = YES;
				SDKROOT = iphoneos;
				SWIFT_COMPILATION_MODE = wholemodule;
				VALIDATE_PRODUCT = YES;
			};
			name = Release;
		};
/* End XCBuildConfiguration section */

/* Begin XCConfigurationList section */
		210BFC7E2E93F1C700CEE21E /* Build configuration list for PBXProject "Ink&Pixel" */ = {
			isa = XCConfigurationList;
			buildConfigurations = (
				210BFC992E93F1C900CEE21E /* Debug */,
				210BFC9A2E93F1C900CEE21E /* Release */,
			);
			defaultConfigurationIsVisible = 0;
			defaultConfigurationName = Release;
		};
		210BFC962E93F1C900CEE21E /* Build configuration list for PBXNativeTarget "Ink&Pixel" */ = {
			isa = XCConfigurationList;
			buildConfigurations = (
				210BFC972E93F1C900CEE21E /* Debug */,
				210BFC982E93F1C900CEE21E /* Release */,
			);
			defaultConfigurationIsVisible = 0;
			defaultConfigurationName = Release;
		};
/* End XCConfigurationList section */

/* Begin XCRemoteSwiftPackageReference section */
		216D9BA72EBA68A8004D19AD /* XCRemoteSwiftPackageReference "Kingfisher" */ = {
			isa = XCRemoteSwiftPackageReference;
			repositoryURL = "https://github.com/onevcat/Kingfisher.git";
			requirement = {
				kind = upToNextMajorVersion;
				minimumVersion = 8.6.1;
			};
		};
		218908F32EA4EC220088B9CA /* XCRemoteSwiftPackageReference "firebase-ios-sdk" */ = {
			isa = XCRemoteSwiftPackageReference;
			repositoryURL = "https://github.com/firebase/firebase-ios-sdk.git";
			requirement = {
				kind = upToNextMajorVersion;
				minimumVersion = 12.4.0;
			};
		};
/* End XCRemoteSwiftPackageReference section */

/* Begin XCSwiftPackageProductDependency section */
		216D9BA82EBA68A8004D19AD /* Kingfisher */ = {
			isa = XCSwiftPackageProductDependency;
			package = 216D9BA72EBA68A8004D19AD /* XCRemoteSwiftPackageReference "Kingfisher" */;
			productName = Kingfisher;
		};
		218908F42EA4EC220088B9CA /* FirebaseAI */ = {
			isa = XCSwiftPackageProductDependency;
			package = 218908F32EA4EC220088B9CA /* XCRemoteSwiftPackageReference "firebase-ios-sdk" */;
			productName = FirebaseAI;
		};
		218908F62EA4EC220088B9CA /* FirebaseAnalytics */ = {
			isa = XCSwiftPackageProductDependency;
			package = 218908F32EA4EC220088B9CA /* XCRemoteSwiftPackageReference "firebase-ios-sdk" */;
			productName = FirebaseAnalytics;
		};
		218908F82EA4EC220088B9CA /* FirebaseAnalyticsCore */ = {
			isa = XCSwiftPackageProductDependency;
			package = 218908F32EA4EC220088B9CA /* XCRemoteSwiftPackageReference "firebase-ios-sdk" */;
			productName = FirebaseAnalyticsCore;
		};
		218908FA2EA4EC220088B9CA /* FirebaseAnalyticsIdentitySupport */ = {
			isa = XCSwiftPackageProductDependency;
			package = 218908F32EA4EC220088B9CA /* XCRemoteSwiftPackageReference "firebase-ios-sdk" */;
			productName = FirebaseAnalyticsIdentitySupport;
		};
		218908FC2EA4EC220088B9CA /* FirebaseAppCheck */ = {
			isa = XCSwiftPackageProductDependency;
			package = 218908F32EA4EC220088B9CA /* XCRemoteSwiftPackageReference "firebase-ios-sdk" */;
			productName = FirebaseAppCheck;
		};
		218908FE2EA4EC220088B9CA /* FirebaseAppDistribution-Beta */ = {
			isa = XCSwiftPackageProductDependency;
			package = 218908F32EA4EC220088B9CA /* XCRemoteSwiftPackageReference "firebase-ios-sdk" */;
			productName = "FirebaseAppDistribution-Beta";
		};
		218909002EA4EC220088B9CA /* FirebaseAuth */ = {
			isa = XCSwiftPackageProductDependency;
			package = 218908F32EA4EC220088B9CA /* XCRemoteSwiftPackageReference "firebase-ios-sdk" */;
			productName = FirebaseAuth;
		};
		218909022EA4EC220088B9CA /* FirebaseAuthCombine-Community */ = {
			isa = XCSwiftPackageProductDependency;
			package = 218908F32EA4EC220088B9CA /* XCRemoteSwiftPackageReference "firebase-ios-sdk" */;
			productName = "FirebaseAuthCombine-Community";
		};
		218909042EA4EC220088B9CA /* FirebaseCore */ = {
			isa = XCSwiftPackageProductDependency;
			package = 218908F32EA4EC220088B9CA /* XCRemoteSwiftPackageReference "firebase-ios-sdk" */;
			productName = FirebaseCore;
		};
		218909062EA4EC220088B9CA /* FirebaseCrashlytics */ = {
			isa = XCSwiftPackageProductDependency;
			package = 218908F32EA4EC220088B9CA /* XCRemoteSwiftPackageReference "firebase-ios-sdk" */;
			productName = FirebaseCrashlytics;
		};
		218909082EA4EC220088B9CA /* FirebaseDatabase */ = {
			isa = XCSwiftPackageProductDependency;
			package = 218908F32EA4EC220088B9CA /* XCRemoteSwiftPackageReference "firebase-ios-sdk" */;
			productName = FirebaseDatabase;
		};
		2189090A2EA4EC220088B9CA /* FirebaseFirestore */ = {
			isa = XCSwiftPackageProductDependency;
			package = 218908F32EA4EC220088B9CA /* XCRemoteSwiftPackageReference "firebase-ios-sdk" */;
			productName = FirebaseFirestore;
		};
		2189090C2EA4EC220088B9CA /* FirebaseFirestoreCombine-Community */ = {
			isa = XCSwiftPackageProductDependency;
			package = 218908F32EA4EC220088B9CA /* XCRemoteSwiftPackageReference "firebase-ios-sdk" */;
			productName = "FirebaseFirestoreCombine-Community";
		};
		2189090E2EA4EC220088B9CA /* FirebaseFunctions */ = {
			isa = XCSwiftPackageProductDependency;
			package = 218908F32EA4EC220088B9CA /* XCRemoteSwiftPackageReference "firebase-ios-sdk" */;
			productName = FirebaseFunctions;
		};
		218909102EA4EC220088B9CA /* FirebaseFunctionsCombine-Community */ = {
			isa = XCSwiftPackageProductDependency;
			package = 218908F32EA4EC220088B9CA /* XCRemoteSwiftPackageReference "firebase-ios-sdk" */;
			productName = "FirebaseFunctionsCombine-Community";
		};
		218909122EA4EC220088B9CA /* FirebaseInAppMessaging-Beta */ = {
			isa = XCSwiftPackageProductDependency;
			package = 218908F32EA4EC220088B9CA /* XCRemoteSwiftPackageReference "firebase-ios-sdk" */;
			productName = "FirebaseInAppMessaging-Beta";
		};
		218909142EA4EC220088B9CA /* FirebaseInstallations */ = {
			isa = XCSwiftPackageProductDependency;
			package = 218908F32EA4EC220088B9CA /* XCRemoteSwiftPackageReference "firebase-ios-sdk" */;
			productName = FirebaseInstallations;
		};
		218909162EA4EC220088B9CA /* FirebaseMLModelDownloader */ = {
			isa = XCSwiftPackageProductDependency;
			package = 218908F32EA4EC220088B9CA /* XCRemoteSwiftPackageReference "firebase-ios-sdk" */;
			productName = FirebaseMLModelDownloader;
		};
		218909182EA4EC220088B9CA /* FirebaseMessaging */ = {
			isa = XCSwiftPackageProductDependency;
			package = 218908F32EA4EC220088B9CA /* XCRemoteSwiftPackageReference "firebase-ios-sdk" */;
			productName = FirebaseMessaging;
		};
		2189091A2EA4EC220088B9CA /* FirebasePerformance */ = {
			isa = XCSwiftPackageProductDependency;
			package = 218908F32EA4EC220088B9CA /* XCRemoteSwiftPackageReference "firebase-ios-sdk" */;
			productName = FirebasePerformance;
		};
		2189091C2EA4EC220088B9CA /* FirebaseRemoteConfig */ = {
			isa = XCSwiftPackageProductDependency;
			package = 218908F32EA4EC220088B9CA /* XCRemoteSwiftPackageReference "firebase-ios-sdk" */;
			productName = FirebaseRemoteConfig;
		};
		2189091E2EA4EC220088B9CA /* FirebaseStorage */ = {
			isa = XCSwiftPackageProductDependency;
			package = 218908F32EA4EC220088B9CA /* XCRemoteSwiftPackageReference "firebase-ios-sdk" */;
			productName = FirebaseStorage;
		};
		218909202EA4EC220088B9CA /* FirebaseStorageCombine-Community */ = {
			isa = XCSwiftPackageProductDependency;
			package = 218908F32EA4EC220088B9CA /* XCRemoteSwiftPackageReference "firebase-ios-sdk" */;
			productName = "FirebaseStorageCombine-Community";
		};
/* End XCSwiftPackageProductDependency section */
	};
	rootObject = 210BFC7B2E93F1C700CEE21E /* Project object */;
}
